// !$*UTF8*$!
{
	archiveVersion = 1;
	classes = {
	};
	objectVersion = 55;
	objects = {

/* Begin PBXBuildFile section */
		94EA20CC271586FB00F7843E /* AppDelegate.swift in Sources */ = {isa = PBXBuildFile; fileRef = 94EA20CB271586FB00F7843E /* AppDelegate.swift */; };
		94EA20CE271586FB00F7843E /* SceneDelegate.swift in Sources */ = {isa = PBXBuildFile; fileRef = 94EA20CD271586FB00F7843E /* SceneDelegate.swift */; };
		94EA20D0271586FB00F7843E /* AuthViewController.swift in Sources */ = {isa = PBXBuildFile; fileRef = 94EA20CF271586FB00F7843E /* AuthViewController.swift */; };
		94EA20D5271586FD00F7843E /* Assets.xcassets in Resources */ = {isa = PBXBuildFile; fileRef = 94EA20D4271586FD00F7843E /* Assets.xcassets */; };
		94EA20D8271586FD00F7843E /* LaunchScreen.storyboard in Resources */ = {isa = PBXBuildFile; fileRef = 94EA20D6271586FD00F7843E /* LaunchScreen.storyboard */; };
		94EA20E3271586FE00F7843E /* ProjectMessengerTests.swift in Sources */ = {isa = PBXBuildFile; fileRef = 94EA20E2271586FE00F7843E /* ProjectMessengerTests.swift */; };
		94EA21352715B40B00F7843E /* AuthViewControllerTests.swift in Sources */ = {isa = PBXBuildFile; fileRef = 94EA21342715B40B00F7843E /* AuthViewControllerTests.swift */; };
		94EA21382715B43800F7843E /* UIElementsTests.swift in Sources */ = {isa = PBXBuildFile; fileRef = 94EA21372715B43800F7843E /* UIElementsTests.swift */; };
		94EA213A2715B5CD00F7843E /* UIKit + Extensions.swift in Sources */ = {isa = PBXBuildFile; fileRef = 94EA21392715B5CD00F7843E /* UIKit + Extensions.swift */; };
		94EA213D2715BEDC00F7843E /* Localizable.strings in Resources */ = {isa = PBXBuildFile; fileRef = 94EA213F2715BEDC00F7843E /* Localizable.strings */; };
		94EA21432715D6B300F7843E /* LoginButtonView.swift in Sources */ = {isa = PBXBuildFile; fileRef = 94EA21422715D6B300F7843E /* LoginButtonView.swift */; };
/* End PBXBuildFile section */

/* Begin PBXContainerItemProxy section */
		94EA20DF271586FE00F7843E /* PBXContainerItemProxy */ = {
			isa = PBXContainerItemProxy;
			containerPortal = 94EA20C0271586FB00F7843E /* Project object */;
			proxyType = 1;
			remoteGlobalIDString = 94EA20C7271586FB00F7843E;
			remoteInfo = ProjectMessenger;
		};
/* End PBXContainerItemProxy section */

/* Begin PBXFileReference section */
		94EA20C8271586FB00F7843E /* ProjectMessenger.app */ = {isa = PBXFileReference; explicitFileType = wrapper.application; includeInIndex = 0; path = ProjectMessenger.app; sourceTree = BUILT_PRODUCTS_DIR; };
		94EA20CB271586FB00F7843E /* AppDelegate.swift */ = {isa = PBXFileReference; lastKnownFileType = sourcecode.swift; path = AppDelegate.swift; sourceTree = "<group>"; };
		94EA20CD271586FB00F7843E /* SceneDelegate.swift */ = {isa = PBXFileReference; lastKnownFileType = sourcecode.swift; path = SceneDelegate.swift; sourceTree = "<group>"; };
		94EA20CF271586FB00F7843E /* AuthViewController.swift */ = {isa = PBXFileReference; lastKnownFileType = sourcecode.swift; path = AuthViewController.swift; sourceTree = "<group>"; };
		94EA20D4271586FD00F7843E /* Assets.xcassets */ = {isa = PBXFileReference; lastKnownFileType = folder.assetcatalog; path = Assets.xcassets; sourceTree = "<group>"; };
		94EA20D7271586FD00F7843E /* Base */ = {isa = PBXFileReference; lastKnownFileType = file.storyboard; name = Base; path = Base.lproj/LaunchScreen.storyboard; sourceTree = "<group>"; };
		94EA20D9271586FD00F7843E /* Info.plist */ = {isa = PBXFileReference; lastKnownFileType = text.plist.xml; path = Info.plist; sourceTree = "<group>"; };
		94EA20DE271586FE00F7843E /* ProjectMessengerTests.xctest */ = {isa = PBXFileReference; explicitFileType = wrapper.cfbundle; includeInIndex = 0; path = ProjectMessengerTests.xctest; sourceTree = BUILT_PRODUCTS_DIR; };
		94EA20E2271586FE00F7843E /* ProjectMessengerTests.swift */ = {isa = PBXFileReference; lastKnownFileType = sourcecode.swift; path = ProjectMessengerTests.swift; sourceTree = "<group>"; };
		94EA21342715B40B00F7843E /* AuthViewControllerTests.swift */ = {isa = PBXFileReference; lastKnownFileType = sourcecode.swift; path = AuthViewControllerTests.swift; sourceTree = "<group>"; };
		94EA21372715B43800F7843E /* UIElementsTests.swift */ = {isa = PBXFileReference; lastKnownFileType = sourcecode.swift; path = UIElementsTests.swift; sourceTree = "<group>"; };
		94EA21392715B5CD00F7843E /* UIKit + Extensions.swift */ = {isa = PBXFileReference; lastKnownFileType = sourcecode.swift; path = "UIKit + Extensions.swift"; sourceTree = "<group>"; };
		94EA213E2715BEDC00F7843E /* en */ = {isa = PBXFileReference; lastKnownFileType = text.plist.strings; name = en; path = en.lproj/Localizable.strings; sourceTree = "<group>"; };
		94EA21402715BF8D00F7843E /* ru */ = {isa = PBXFileReference; lastKnownFileType = text.plist.strings; name = ru; path = ru.lproj/Localizable.strings; sourceTree = "<group>"; };
		94EA21422715D6B300F7843E /* LoginButtonView.swift */ = {isa = PBXFileReference; lastKnownFileType = sourcecode.swift; path = LoginButtonView.swift; sourceTree = "<group>"; };
/* End PBXFileReference section */

/* Begin PBXFrameworksBuildPhase section */
		94EA20C5271586FB00F7843E /* Frameworks */ = {
			isa = PBXFrameworksBuildPhase;
			buildActionMask = 2147483647;
			files = (
			);
			runOnlyForDeploymentPostprocessing = 0;
		};
		94EA20DB271586FE00F7843E /* Frameworks */ = {
			isa = PBXFrameworksBuildPhase;
			buildActionMask = 2147483647;
			files = (
			);
			runOnlyForDeploymentPostprocessing = 0;
		};
/* End PBXFrameworksBuildPhase section */

/* Begin PBXGroup section */
		94EA20BF271586FB00F7843E = {
			isa = PBXGroup;
			children = (
				94EA20CA271586FB00F7843E /* ProjectMessenger */,
				94EA20E1271586FE00F7843E /* ProjectMessengerTests */,
				94EA20C9271586FB00F7843E /* Products */,
			);
			sourceTree = "<group>";
		};
		94EA20C9271586FB00F7843E /* Products */ = {
			isa = PBXGroup;
			children = (
				94EA20C8271586FB00F7843E /* ProjectMessenger.app */,
				94EA20DE271586FE00F7843E /* ProjectMessengerTests.xctest */,
			);
			name = Products;
			sourceTree = "<group>";
		};
		94EA20CA271586FB00F7843E /* ProjectMessenger */ = {
			isa = PBXGroup;
			children = (
				94EA21412715D69E00F7843E /* Views */,
				94EA213F2715BEDC00F7843E /* Localizable.strings */,
				94EA21332715B3AD00F7843E /* Helpers */,
				94EA20CB271586FB00F7843E /* AppDelegate.swift */,
				94EA20CD271586FB00F7843E /* SceneDelegate.swift */,
				94EA20CF271586FB00F7843E /* AuthViewController.swift */,
				94EA20D4271586FD00F7843E /* Assets.xcassets */,
				94EA20D6271586FD00F7843E /* LaunchScreen.storyboard */,
				94EA20D9271586FD00F7843E /* Info.plist */,
			);
			path = ProjectMessenger;
			sourceTree = "<group>";
		};
		94EA20E1271586FE00F7843E /* ProjectMessengerTests */ = {
			isa = PBXGroup;
			children = (
				94EA21362715B41E00F7843E /* UIElementsTest */,
				94EA20FB27158C5E00F7843E /* ViewControllerTests */,
				94EA20E2271586FE00F7843E /* ProjectMessengerTests.swift */,
			);
			path = ProjectMessengerTests;
			sourceTree = "<group>";
		};
		94EA20FB27158C5E00F7843E /* ViewControllerTests */ = {
			isa = PBXGroup;
			children = (
				94EA21342715B40B00F7843E /* AuthViewControllerTests.swift */,
			);
			path = ViewControllerTests;
			sourceTree = "<group>";
		};
		94EA21332715B3AD00F7843E /* Helpers */ = {
			isa = PBXGroup;
			children = (
				94EA21392715B5CD00F7843E /* UIKit + Extensions.swift */,
			);
			path = Helpers;
			sourceTree = "<group>";
		};
		94EA21362715B41E00F7843E /* UIElementsTest */ = {
			isa = PBXGroup;
			children = (
				94EA21372715B43800F7843E /* UIElementsTests.swift */,
			);
			path = UIElementsTest;
			sourceTree = "<group>";
		};
		94EA21412715D69E00F7843E /* Views */ = {
			isa = PBXGroup;
			children = (
				94EA21422715D6B300F7843E /* LoginButtonView.swift */,
			);
			path = Views;
			sourceTree = "<group>";
		};
/* End PBXGroup section */

/* Begin PBXNativeTarget section */
		94EA20C7271586FB00F7843E /* ProjectMessenger */ = {
			isa = PBXNativeTarget;
			buildConfigurationList = 94EA20F2271586FE00F7843E /* Build configuration list for PBXNativeTarget "ProjectMessenger" */;
			buildPhases = (
				94EA20C4271586FB00F7843E /* Sources */,
				94EA20C5271586FB00F7843E /* Frameworks */,
				94EA20C6271586FB00F7843E /* Resources */,
			);
			buildRules = (
			);
			dependencies = (
			);
			name = ProjectMessenger;
			productName = ProjectMessenger;
			productReference = 94EA20C8271586FB00F7843E /* ProjectMessenger.app */;
			productType = "com.apple.product-type.application";
		};
		94EA20DD271586FE00F7843E /* ProjectMessengerTests */ = {
			isa = PBXNativeTarget;
			buildConfigurationList = 94EA20F5271586FE00F7843E /* Build configuration list for PBXNativeTarget "ProjectMessengerTests" */;
			buildPhases = (
				94EA20DA271586FE00F7843E /* Sources */,
				94EA20DB271586FE00F7843E /* Frameworks */,
				94EA20DC271586FE00F7843E /* Resources */,
			);
			buildRules = (
			);
			dependencies = (
				94EA20E0271586FE00F7843E /* PBXTargetDependency */,
			);
			name = ProjectMessengerTests;
			productName = ProjectMessengerTests;
			productReference = 94EA20DE271586FE00F7843E /* ProjectMessengerTests.xctest */;
			productType = "com.apple.product-type.bundle.unit-test";
		};
/* End PBXNativeTarget section */

/* Begin PBXProject section */
		94EA20C0271586FB00F7843E /* Project object */ = {
			isa = PBXProject;
			attributes = {
				BuildIndependentTargetsInParallel = 1;
				LastSwiftUpdateCheck = 1300;
				LastUpgradeCheck = 1300;
				TargetAttributes = {
					94EA20C7271586FB00F7843E = {
						CreatedOnToolsVersion = 13.0;
					};
					94EA20DD271586FE00F7843E = {
						CreatedOnToolsVersion = 13.0;
						TestTargetID = 94EA20C7271586FB00F7843E;
					};
				};
			};
			buildConfigurationList = 94EA20C3271586FB00F7843E /* Build configuration list for PBXProject "ProjectMessenger" */;
			compatibilityVersion = "Xcode 13.0";
			developmentRegion = en;
			hasScannedForEncodings = 0;
			knownRegions = (
				en,
				Base,
				ru,
			);
			mainGroup = 94EA20BF271586FB00F7843E;
			productRefGroup = 94EA20C9271586FB00F7843E /* Products */;
			projectDirPath = "";
			projectRoot = "";
			targets = (
				94EA20C7271586FB00F7843E /* ProjectMessenger */,
				94EA20DD271586FE00F7843E /* ProjectMessengerTests */,
			);
		};
/* End PBXProject section */

/* Begin PBXResourcesBuildPhase section */
		94EA20C6271586FB00F7843E /* Resources */ = {
			isa = PBXResourcesBuildPhase;
			buildActionMask = 2147483647;
			files = (
				94EA20D8271586FD00F7843E /* LaunchScreen.storyboard in Resources */,
				94EA213D2715BEDC00F7843E /* Localizable.strings in Resources */,
				94EA20D5271586FD00F7843E /* Assets.xcassets in Resources */,
			);
			runOnlyForDeploymentPostprocessing = 0;
		};
		94EA20DC271586FE00F7843E /* Resources */ = {
			isa = PBXResourcesBuildPhase;
			buildActionMask = 2147483647;
			files = (
			);
			runOnlyForDeploymentPostprocessing = 0;
		};
/* End PBXResourcesBuildPhase section */

/* Begin PBXSourcesBuildPhase section */
		94EA20C4271586FB00F7843E /* Sources */ = {
			isa = PBXSourcesBuildPhase;
			buildActionMask = 2147483647;
			files = (
				94EA213A2715B5CD00F7843E /* UIKit + Extensions.swift in Sources */,
				94EA20D0271586FB00F7843E /* AuthViewController.swift in Sources */,
				94EA20CC271586FB00F7843E /* AppDelegate.swift in Sources */,
				94EA20CE271586FB00F7843E /* SceneDelegate.swift in Sources */,
				94EA21432715D6B300F7843E /* LoginButtonView.swift in Sources */,
			);
			runOnlyForDeploymentPostprocessing = 0;
		};
		94EA20DA271586FE00F7843E /* Sources */ = {
			isa = PBXSourcesBuildPhase;
			buildActionMask = 2147483647;
			files = (
				94EA21382715B43800F7843E /* UIElementsTests.swift in Sources */,
				94EA21352715B40B00F7843E /* AuthViewControllerTests.swift in Sources */,
				94EA20E3271586FE00F7843E /* ProjectMessengerTests.swift in Sources */,
			);
			runOnlyForDeploymentPostprocessing = 0;
		};
/* End PBXSourcesBuildPhase section */

/* Begin PBXTargetDependency section */
		94EA20E0271586FE00F7843E /* PBXTargetDependency */ = {
			isa = PBXTargetDependency;
			target = 94EA20C7271586FB00F7843E /* ProjectMessenger */;
			targetProxy = 94EA20DF271586FE00F7843E /* PBXContainerItemProxy */;
		};
/* End PBXTargetDependency section */

/* Begin PBXVariantGroup section */
		94EA20D6271586FD00F7843E /* LaunchScreen.storyboard */ = {
			isa = PBXVariantGroup;
			children = (
				94EA20D7271586FD00F7843E /* Base */,
			);
			name = LaunchScreen.storyboard;
			sourceTree = "<group>";
		};
		94EA213F2715BEDC00F7843E /* Localizable.strings */ = {
			isa = PBXVariantGroup;
			children = (
				94EA213E2715BEDC00F7843E /* en */,
				94EA21402715BF8D00F7843E /* ru */,
			);
			name = Localizable.strings;
			sourceTree = "<group>";
		};
/* End PBXVariantGroup section */

/* Begin XCBuildConfiguration section */
		94EA20F0271586FE00F7843E /* Debug */ = {
			isa = XCBuildConfiguration;
			buildSettings = {
				ALWAYS_SEARCH_USER_PATHS = NO;
				CLANG_ANALYZER_LOCALIZABILITY_NONLOCALIZED = YES;
				CLANG_ANALYZER_NONNULL = YES;
				CLANG_ANALYZER_NUMBER_OBJECT_CONVERSION = YES_AGGRESSIVE;
				CLANG_CXX_LANGUAGE_STANDARD = "gnu++17";
				CLANG_CXX_LIBRARY = "libc++";
				CLANG_ENABLE_MODULES = YES;
				CLANG_ENABLE_OBJC_ARC = YES;
				CLANG_ENABLE_OBJC_WEAK = YES;
				CLANG_WARN_BLOCK_CAPTURE_AUTORELEASING = YES;
				CLANG_WARN_BOOL_CONVERSION = YES;
				CLANG_WARN_COMMA = YES;
				CLANG_WARN_CONSTANT_CONVERSION = YES;
				CLANG_WARN_DEPRECATED_OBJC_IMPLEMENTATIONS = YES;
				CLANG_WARN_DIRECT_OBJC_ISA_USAGE = YES_ERROR;
				CLANG_WARN_DOCUMENTATION_COMMENTS = YES;
				CLANG_WARN_EMPTY_BODY = YES;
				CLANG_WARN_ENUM_CONVERSION = YES;
				CLANG_WARN_INFINITE_RECURSION = YES;
				CLANG_WARN_INT_CONVERSION = YES;
				CLANG_WARN_NON_LITERAL_NULL_CONVERSION = YES;
				CLANG_WARN_OBJC_IMPLICIT_RETAIN_SELF = YES;
				CLANG_WARN_OBJC_LITERAL_CONVERSION = YES;
				CLANG_WARN_OBJC_ROOT_CLASS = YES_ERROR;
				CLANG_WARN_QUOTED_INCLUDE_IN_FRAMEWORK_HEADER = YES;
				CLANG_WARN_RANGE_LOOP_ANALYSIS = YES;
				CLANG_WARN_STRICT_PROTOTYPES = YES;
				CLANG_WARN_SUSPICIOUS_MOVE = YES;
				CLANG_WARN_UNGUARDED_AVAILABILITY = YES_AGGRESSIVE;
				CLANG_WARN_UNREACHABLE_CODE = YES;
				CLANG_WARN__DUPLICATE_METHOD_MATCH = YES;
				COPY_PHASE_STRIP = NO;
				DEBUG_INFORMATION_FORMAT = dwarf;
				ENABLE_STRICT_OBJC_MSGSEND = YES;
				ENABLE_TESTABILITY = YES;
				GCC_C_LANGUAGE_STANDARD = gnu11;
				GCC_DYNAMIC_NO_PIC = NO;
				GCC_NO_COMMON_BLOCKS = YES;
				GCC_OPTIMIZATION_LEVEL = 0;
				GCC_PREPROCESSOR_DEFINITIONS = (
					"DEBUG=1",
					"$(inherited)",
				);
				GCC_WARN_64_TO_32_BIT_CONVERSION = YES;
				GCC_WARN_ABOUT_RETURN_TYPE = YES_ERROR;
				GCC_WARN_UNDECLARED_SELECTOR = YES;
				GCC_WARN_UNINITIALIZED_AUTOS = YES_AGGRESSIVE;
				GCC_WARN_UNUSED_FUNCTION = YES;
				GCC_WARN_UNUSED_VARIABLE = YES;
				IPHONEOS_DEPLOYMENT_TARGET = 15.0;
				MTL_ENABLE_DEBUG_INFO = INCLUDE_SOURCE;
				MTL_FAST_MATH = YES;
				ONLY_ACTIVE_ARCH = YES;
				SDKROOT = iphoneos;
				SWIFT_ACTIVE_COMPILATION_CONDITIONS = DEBUG;
				SWIFT_OPTIMIZATION_LEVEL = "-Onone";
			};
			name = Debug;
		};
		94EA20F1271586FE00F7843E /* Release */ = {
			isa = XCBuildConfiguration;
			buildSettings = {
				ALWAYS_SEARCH_USER_PATHS = NO;
				CLANG_ANALYZER_LOCALIZABILITY_NONLOCALIZED = YES;
				CLANG_ANALYZER_NONNULL = YES;
				CLANG_ANALYZER_NUMBER_OBJECT_CONVERSION = YES_AGGRESSIVE;
				CLANG_CXX_LANGUAGE_STANDARD = "gnu++17";
				CLANG_CXX_LIBRARY = "libc++";
				CLANG_ENABLE_MODULES = YES;
				CLANG_ENABLE_OBJC_ARC = YES;
				CLANG_ENABLE_OBJC_WEAK = YES;
				CLANG_WARN_BLOCK_CAPTURE_AUTORELEASING = YES;
				CLANG_WARN_BOOL_CONVERSION = YES;
				CLANG_WARN_COMMA = YES;
				CLANG_WARN_CONSTANT_CONVERSION = YES;
				CLANG_WARN_DEPRECATED_OBJC_IMPLEMENTATIONS = YES;
				CLANG_WARN_DIRECT_OBJC_ISA_USAGE = YES_ERROR;
				CLANG_WARN_DOCUMENTATION_COMMENTS = YES;
				CLANG_WARN_EMPTY_BODY = YES;
				CLANG_WARN_ENUM_CONVERSION = YES;
				CLANG_WARN_INFINITE_RECURSION = YES;
				CLANG_WARN_INT_CONVERSION = YES;
				CLANG_WARN_NON_LITERAL_NULL_CONVERSION = YES;
				CLANG_WARN_OBJC_IMPLICIT_RETAIN_SELF = YES;
				CLANG_WARN_OBJC_LITERAL_CONVERSION = YES;
				CLANG_WARN_OBJC_ROOT_CLASS = YES_ERROR;
				CLANG_WARN_QUOTED_INCLUDE_IN_FRAMEWORK_HEADER = YES;
				CLANG_WARN_RANGE_LOOP_ANALYSIS = YES;
				CLANG_WARN_STRICT_PROTOTYPES = YES;
				CLANG_WARN_SUSPICIOUS_MOVE = YES;
				CLANG_WARN_UNGUARDED_AVAILABILITY = YES_AGGRESSIVE;
				CLANG_WARN_UNREACHABLE_CODE = YES;
				CLANG_WARN__DUPLICATE_METHOD_MATCH = YES;
				COPY_PHASE_STRIP = NO;
				DEBUG_INFORMATION_FORMAT = "dwarf-with-dsym";
				ENABLE_NS_ASSERTIONS = NO;
				ENABLE_STRICT_OBJC_MSGSEND = YES;
				GCC_C_LANGUAGE_STANDARD = gnu11;
				GCC_NO_COMMON_BLOCKS = YES;
				GCC_WARN_64_TO_32_BIT_CONVERSION = YES;
				GCC_WARN_ABOUT_RETURN_TYPE = YES_ERROR;
				GCC_WARN_UNDECLARED_SELECTOR = YES;
				GCC_WARN_UNINITIALIZED_AUTOS = YES_AGGRESSIVE;
				GCC_WARN_UNUSED_FUNCTION = YES;
				GCC_WARN_UNUSED_VARIABLE = YES;
				IPHONEOS_DEPLOYMENT_TARGET = 15.0;
				MTL_ENABLE_DEBUG_INFO = NO;
				MTL_FAST_MATH = YES;
				SDKROOT = iphoneos;
				SWIFT_COMPILATION_MODE = wholemodule;
				SWIFT_OPTIMIZATION_LEVEL = "-O";
				VALIDATE_PRODUCT = YES;
			};
			name = Release;
		};
		94EA20F3271586FE00F7843E /* Debug */ = {
			isa = XCBuildConfiguration;
			buildSettings = {
				ASSETCATALOG_COMPILER_APPICON_NAME = AppIcon;
				ASSETCATALOG_COMPILER_GLOBAL_ACCENT_COLOR_NAME = AccentColor;
				CODE_SIGN_STYLE = Automatic;
				CURRENT_PROJECT_VERSION = 1;
				DEVELOPMENT_TEAM = RHSGW6TXJ8;
				GENERATE_INFOPLIST_FILE = YES;
				INFOPLIST_FILE = ProjectMessenger/Info.plist;
				INFOPLIST_KEY_UIApplicationSupportsIndirectInputEvents = YES;
				INFOPLIST_KEY_UILaunchStoryboardName = LaunchScreen;
				INFOPLIST_KEY_UISupportedInterfaceOrientations_iPad = "UIInterfaceOrientationPortrait UIInterfaceOrientationPortraitUpsideDown UIInterfaceOrientationLandscapeLeft UIInterfaceOrientationLandscapeRight";
				INFOPLIST_KEY_UISupportedInterfaceOrientations_iPhone = "UIInterfaceOrientationPortrait UIInterfaceOrientationLandscapeLeft UIInterfaceOrientationLandscapeRight";
				LD_RUNPATH_SEARCH_PATHS = (
					"$(inherited)",
					"@executable_path/Frameworks",
				);
				MARKETING_VERSION = 1.0;
				PRODUCT_BUNDLE_IDENTIFIER = com.AlexanderGalkin.ProjectMessenger;
				PRODUCT_NAME = "$(TARGET_NAME)";
				SWIFT_EMIT_LOC_STRINGS = YES;
				SWIFT_VERSION = 5.0;
				TARGETED_DEVICE_FAMILY = "1,2";
			};
			name = Debug;
		};
		94EA20F4271586FE00F7843E /* Release */ = {
			isa = XCBuildConfiguration;
			buildSettings = {
				ASSETCATALOG_COMPILER_APPICON_NAME = AppIcon;
				ASSETCATALOG_COMPILER_GLOBAL_ACCENT_COLOR_NAME = AccentColor;
				CODE_SIGN_STYLE = Automatic;
				CURRENT_PROJECT_VERSION = 1;
				DEVELOPMENT_TEAM = RHSGW6TXJ8;
				GENERATE_INFOPLIST_FILE = YES;
				INFOPLIST_FILE = ProjectMessenger/Info.plist;
				INFOPLIST_KEY_UIApplicationSupportsIndirectInputEvents = YES;
				INFOPLIST_KEY_UILaunchStoryboardName = LaunchScreen;
				INFOPLIST_KEY_UISupportedInterfaceOrientations_iPad = "UIInterfaceOrientationPortrait UIInterfaceOrientationPortraitUpsideDown UIInterfaceOrientationLandscapeLeft UIInterfaceOrientationLandscapeRight";
				INFOPLIST_KEY_UISupportedInterfaceOrientations_iPhone = "UIInterfaceOrientationPortrait UIInterfaceOrientationLandscapeLeft UIInterfaceOrientationLandscapeRight";
				LD_RUNPATH_SEARCH_PATHS = (
					"$(inherited)",
					"@executable_path/Frameworks",
				);
				MARKETING_VERSION = 1.0;
				PRODUCT_BUNDLE_IDENTIFIER = com.AlexanderGalkin.ProjectMessenger;
				PRODUCT_NAME = "$(TARGET_NAME)";
				SWIFT_EMIT_LOC_STRINGS = YES;
				SWIFT_VERSION = 5.0;
				TARGETED_DEVICE_FAMILY = "1,2";
			};
			name = Release;
		};
		94EA20F6271586FE00F7843E /* Debug */ = {
			isa = XCBuildConfiguration;
			buildSettings = {
				ALWAYS_EMBED_SWIFT_STANDARD_LIBRARIES = YES;
				BUNDLE_LOADER = "$(TEST_HOST)";
				CODE_SIGN_STYLE = Automatic;
				CURRENT_PROJECT_VERSION = 1;
				DEVELOPMENT_TEAM = RHSGW6TXJ8;
				GENERATE_INFOPLIST_FILE = YES;
				IPHONEOS_DEPLOYMENT_TARGET = 15.0;
				LD_RUNPATH_SEARCH_PATHS = (
					"$(inherited)",
					"@executable_path/Frameworks",
					"@loader_path/Frameworks",
				);
				MARKETING_VERSION = 1.0;
				PRODUCT_BUNDLE_IDENTIFIER = com.AlexanderGalkin.ProjectMessengerTests;
				PRODUCT_NAME = "$(TARGET_NAME)";
				SWIFT_EMIT_LOC_STRINGS = NO;
				SWIFT_VERSION = 5.0;
				TARGETED_DEVICE_FAMILY = "1,2";
				TEST_HOST = "$(BUILT_PRODUCTS_DIR)/ProjectMessenger.app/ProjectMessenger";
			};
			name = Debug;
		};
		94EA20F7271586FE00F7843E /* Release */ = {
			isa = XCBuildConfiguration;
			buildSettings = {
				ALWAYS_EMBED_SWIFT_STANDARD_LIBRARIES = YES;
				BUNDLE_LOADER = "$(TEST_HOST)";
				CODE_SIGN_STYLE = Automatic;
				CURRENT_PROJECT_VERSION = 1;
				DEVELOPMENT_TEAM = RHSGW6TXJ8;
				GENERATE_INFOPLIST_FILE = YES;
				IPHONEOS_DEPLOYMENT_TARGET = 15.0;
				LD_RUNPATH_SEARCH_PATHS = (
					"$(inherited)",
					"@executable_path/Frameworks",
					"@loader_path/Frameworks",
				);
				MARKETING_VERSION = 1.0;
				PRODUCT_BUNDLE_IDENTIFIER = com.AlexanderGalkin.ProjectMessengerTests;
				PRODUCT_NAME = "$(TARGET_NAME)";
				SWIFT_EMIT_LOC_STRINGS = NO;
				SWIFT_VERSION = 5.0;
				TARGETED_DEVICE_FAMILY = "1,2";
				TEST_HOST = "$(BUILT_PRODUCTS_DIR)/ProjectMessenger.app/ProjectMessenger";
			};
			name = Release;
		};
/* End XCBuildConfiguration section */

/* Begin XCConfigurationList section */
		94EA20C3271586FB00F7843E /* Build configuration list for PBXProject "ProjectMessenger" */ = {
			isa = XCConfigurationList;
			buildConfigurations = (
				94EA20F0271586FE00F7843E /* Debug */,
				94EA20F1271586FE00F7843E /* Release */,
			);
			defaultConfigurationIsVisible = 0;
			defaultConfigurationName = Release;
		};
		94EA20F2271586FE00F7843E /* Build configuration list for PBXNativeTarget "ProjectMessenger" */ = {
			isa = XCConfigurationList;
			buildConfigurations = (
				94EA20F3271586FE00F7843E /* Debug */,
				94EA20F4271586FE00F7843E /* Release */,
			);
			defaultConfigurationIsVisible = 0;
			defaultConfigurationName = Release;
		};
		94EA20F5271586FE00F7843E /* Build configuration list for PBXNativeTarget "ProjectMessengerTests" */ = {
			isa = XCConfigurationList;
			buildConfigurations = (
				94EA20F6271586FE00F7843E /* Debug */,
				94EA20F7271586FE00F7843E /* Release */,
			);
			defaultConfigurationIsVisible = 0;
			defaultConfigurationName = Release;
		};
/* End XCConfigurationList section */
	};
	rootObject = 94EA20C0271586FB00F7843E /* Project object */;
}
